// !$*UTF8*$!
{
	archiveVersion = 1;
	classes = {
	};
	objectVersion = 46;
	objects = {

/* Begin PBXBuildFile section */
		904DD1301CFD6E6A00DB4056 /* Assets.xcassets in Resources */ = {isa = PBXBuildFile; fileRef = 904DD12F1CFD6E6A00DB4056 /* Assets.xcassets */; };
		904DD1331CFD6E6A00DB4056 /* LaunchScreen.storyboard in Resources */ = {isa = PBXBuildFile; fileRef = 904DD1311CFD6E6A00DB4056 /* LaunchScreen.storyboard */; };
		904DD1401CFD729500DB4056 /* AppDelegate.swift in Sources */ = {isa = PBXBuildFile; fileRef = 904DD13B1CFD729500DB4056 /* AppDelegate.swift */; };
		904DD1411CFD729500DB4056 /* MapViewController.swift in Sources */ = {isa = PBXBuildFile; fileRef = 904DD13F1CFD729500DB4056 /* MapViewController.swift */; };
		904DD1431CFD72BA00DB4056 /* MapAnnotation.swift in Sources */ = {isa = PBXBuildFile; fileRef = 904DD1421CFD72BA00DB4056 /* MapAnnotation.swift */; };
		904DD1451CFD736000DB4056 /* GroupAnnotationView.swift in Sources */ = {isa = PBXBuildFile; fileRef = 904DD1441CFD736000DB4056 /* GroupAnnotationView.swift */; };
		904DD1471CFD736800DB4056 /* ImageAnnotationView.swift in Sources */ = {isa = PBXBuildFile; fileRef = 904DD1461CFD736800DB4056 /* ImageAnnotationView.swift */; };
		904DD1491CFD73AA00DB4056 /* MapModel.swift in Sources */ = {isa = PBXBuildFile; fileRef = 904DD1481CFD73AA00DB4056 /* MapModel.swift */; };
		904DD14B1CFD73CC00DB4056 /* MapItem.swift in Sources */ = {isa = PBXBuildFile; fileRef = 904DD14A1CFD73CC00DB4056 /* MapItem.swift */; };
		904DD14D1CFD741700DB4056 /* NavigationController.swift in Sources */ = {isa = PBXBuildFile; fileRef = 904DD14C1CFD741700DB4056 /* NavigationController.swift */; };
/* End PBXBuildFile section */

/* Begin PBXFileReference section */
		904DD1251CFD6E6A00DB4056 /* bInTest.app */ = {isa = PBXFileReference; explicitFileType = wrapper.application; includeInIndex = 0; path = bInTest.app; sourceTree = BUILT_PRODUCTS_DIR; };
		904DD12F1CFD6E6A00DB4056 /* Assets.xcassets */ = {isa = PBXFileReference; lastKnownFileType = folder.assetcatalog; path = Assets.xcassets; sourceTree = "<group>"; };
		904DD1321CFD6E6A00DB4056 /* Base */ = {isa = PBXFileReference; lastKnownFileType = file.storyboard; name = Base; path = Base.lproj/LaunchScreen.storyboard; sourceTree = "<group>"; };
		904DD1341CFD6E6A00DB4056 /* Info.plist */ = {isa = PBXFileReference; lastKnownFileType = text.plist.xml; path = Info.plist; sourceTree = "<group>"; };
		904DD13B1CFD729500DB4056 /* AppDelegate.swift */ = {isa = PBXFileReference; fileEncoding = 4; lastKnownFileType = sourcecode.swift; path = AppDelegate.swift; sourceTree = "<group>"; };
		904DD13F1CFD729500DB4056 /* MapViewController.swift */ = {isa = PBXFileReference; fileEncoding = 4; lastKnownFileType = sourcecode.swift; path = MapViewController.swift; sourceTree = "<group>"; };
		904DD1421CFD72BA00DB4056 /* MapAnnotation.swift */ = {isa = PBXFileReference; fileEncoding = 4; lastKnownFileType = sourcecode.swift; path = MapAnnotation.swift; sourceTree = "<group>"; };
		904DD1441CFD736000DB4056 /* GroupAnnotationView.swift */ = {isa = PBXFileReference; fileEncoding = 4; lastKnownFileType = sourcecode.swift; path = GroupAnnotationView.swift; sourceTree = "<group>"; };
		904DD1461CFD736800DB4056 /* ImageAnnotationView.swift */ = {isa = PBXFileReference; fileEncoding = 4; lastKnownFileType = sourcecode.swift; path = ImageAnnotationView.swift; sourceTree = "<group>"; };
		904DD1481CFD73AA00DB4056 /* MapModel.swift */ = {isa = PBXFileReference; fileEncoding = 4; lastKnownFileType = sourcecode.swift; path = MapModel.swift; sourceTree = "<group>"; };
		904DD14A1CFD73CC00DB4056 /* MapItem.swift */ = {isa = PBXFileReference; fileEncoding = 4; lastKnownFileType = sourcecode.swift; path = MapItem.swift; sourceTree = "<group>"; };
		904DD14C1CFD741700DB4056 /* NavigationController.swift */ = {isa = PBXFileReference; fileEncoding = 4; lastKnownFileType = sourcecode.swift; path = NavigationController.swift; sourceTree = "<group>"; };
/* End PBXFileReference section */

/* Begin PBXFrameworksBuildPhase section */
		904DD1221CFD6E6A00DB4056 /* Frameworks */ = {
			isa = PBXFrameworksBuildPhase;
			buildActionMask = 2147483647;
			files = (
			);
			runOnlyForDeploymentPostprocessing = 0;
		};
/* End PBXFrameworksBuildPhase section */

/* Begin PBXGroup section */
		904DD11C1CFD6E6A00DB4056 = {
			isa = PBXGroup;
			children = (
				904DD1271CFD6E6A00DB4056 /* bInTest */,
				904DD1261CFD6E6A00DB4056 /* Products */,
			);
			sourceTree = "<group>";
		};
		904DD1261CFD6E6A00DB4056 /* Products */ = {
			isa = PBXGroup;
			children = (
				904DD1251CFD6E6A00DB4056 /* bInTest.app */,
			);
			name = Products;
			sourceTree = "<group>";
		};
		904DD1271CFD6E6A00DB4056 /* bInTest */ = {
			isa = PBXGroup;
			children = (
				904DD13A1CFD729500DB4056 /* src */,
				904DD12F1CFD6E6A00DB4056 /* Assets.xcassets */,
				904DD1311CFD6E6A00DB4056 /* LaunchScreen.storyboard */,
				904DD1341CFD6E6A00DB4056 /* Info.plist */,
			);
			path = bInTest;
			sourceTree = "<group>";
		};
		904DD13A1CFD729500DB4056 /* src */ = {
			isa = PBXGroup;
			children = (
				904DD13B1CFD729500DB4056 /* AppDelegate.swift */,
				904DD13C1CFD729500DB4056 /* Model */,
				904DD13D1CFD729500DB4056 /* Views */,
			);
			path = src;
			sourceTree = "<group>";
		};
		904DD13C1CFD729500DB4056 /* Model */ = {
			isa = PBXGroup;
			children = (
				904DD1481CFD73AA00DB4056 /* MapModel.swift */,
				904DD14A1CFD73CC00DB4056 /* MapItem.swift */,
			);
			path = Model;
			sourceTree = "<group>";
		};
		904DD13D1CFD729500DB4056 /* Views */ = {
			isa = PBXGroup;
			children = (
				904DD13E1CFD729500DB4056 /* MapAnnotations */,
				904DD13F1CFD729500DB4056 /* MapViewController.swift */,
				904DD14C1CFD741700DB4056 /* NavigationController.swift */,
			);
			path = Views;
			sourceTree = "<group>";
		};
		904DD13E1CFD729500DB4056 /* MapAnnotations */ = {
			isa = PBXGroup;
			children = (
				904DD1421CFD72BA00DB4056 /* MapAnnotation.swift */,
				904DD1441CFD736000DB4056 /* GroupAnnotationView.swift */,
				904DD1461CFD736800DB4056 /* ImageAnnotationView.swift */,
			);
			path = MapAnnotations;
			sourceTree = "<group>";
		};
/* End PBXGroup section */

/* Begin PBXNativeTarget section */
		904DD1241CFD6E6A00DB4056 /* bInTest */ = {
			isa = PBXNativeTarget;
			buildConfigurationList = 904DD1371CFD6E6A00DB4056 /* Build configuration list for PBXNativeTarget "bInTest" */;
			buildPhases = (
				904DD1211CFD6E6A00DB4056 /* Sources */,
				904DD1221CFD6E6A00DB4056 /* Frameworks */,
				904DD1231CFD6E6A00DB4056 /* Resources */,
			);
			buildRules = (
			);
			dependencies = (
			);
			name = bInTest;
			productName = bInTest;
			productReference = 904DD1251CFD6E6A00DB4056 /* bInTest.app */;
			productType = "com.apple.product-type.application";
		};
/* End PBXNativeTarget section */

/* Begin PBXProject section */
		904DD11D1CFD6E6A00DB4056 /* Project object */ = {
			isa = PBXProject;
			attributes = {
				LastSwiftUpdateCheck = 0730;
				LastUpgradeCheck = 0730;
				ORGANIZATIONNAME = Naithar;
				TargetAttributes = {
					904DD1241CFD6E6A00DB4056 = {
						CreatedOnToolsVersion = 7.3.1;
					};
				};
			};
			buildConfigurationList = 904DD1201CFD6E6A00DB4056 /* Build configuration list for PBXProject "bInTest" */;
			compatibilityVersion = "Xcode 3.2";
			developmentRegion = English;
			hasScannedForEncodings = 0;
			knownRegions = (
				en,
				Base,
			);
			mainGroup = 904DD11C1CFD6E6A00DB4056;
			productRefGroup = 904DD1261CFD6E6A00DB4056 /* Products */;
			projectDirPath = "";
			projectRoot = "";
			targets = (
				904DD1241CFD6E6A00DB4056 /* bInTest */,
			);
		};
/* End PBXProject section */

/* Begin PBXResourcesBuildPhase section */
		904DD1231CFD6E6A00DB4056 /* Resources */ = {
			isa = PBXResourcesBuildPhase;
			buildActionMask = 2147483647;
			files = (
				904DD1331CFD6E6A00DB4056 /* LaunchScreen.storyboard in Resources */,
				904DD1301CFD6E6A00DB4056 /* Assets.xcassets in Resources */,
			);
			runOnlyForDeploymentPostprocessing = 0;
		};
/* End PBXResourcesBuildPhase section */

/* Begin PBXSourcesBuildPhase section */
		904DD1211CFD6E6A00DB4056 /* Sources */ = {
			isa = PBXSourcesBuildPhase;
			buildActionMask = 2147483647;
			files = (
				904DD1401CFD729500DB4056 /* AppDelegate.swift in Sources */,
				904DD14D1CFD741700DB4056 /* NavigationController.swift in Sources */,
				904DD1411CFD729500DB4056 /* MapViewController.swift in Sources */,
				904DD1471CFD736800DB4056 /* ImageAnnotationView.swift in Sources */,
				904DD1431CFD72BA00DB4056 /* MapAnnotation.swift in Sources */,
				904DD1491CFD73AA00DB4056 /* MapModel.swift in Sources */,
				904DD1451CFD736000DB4056 /* GroupAnnotationView.swift in Sources */,
				904DD14B1CFD73CC00DB4056 /* MapItem.swift in Sources */,
			);
			runOnlyForDeploymentPostprocessing = 0;
		};
/* End PBXSourcesBuildPhase section */

/* Begin PBXVariantGroup section */
		904DD1311CFD6E6A00DB4056 /* LaunchScreen.storyboard */ = {
			isa = PBXVariantGroup;
			children = (
				904DD1321CFD6E6A00DB4056 /* Base */,
			);
			name = LaunchScreen.storyboard;
			sourceTree = "<group>";
		};
/* End PBXVariantGroup section */

/* Begin XCBuildConfiguration section */
		904DD1351CFD6E6A00DB4056 /* Debug */ = {
			isa = XCBuildConfiguration;
			buildSettings = {
				ALWAYS_SEARCH_USER_PATHS = NO;
				CLANG_ANALYZER_NONNULL = YES;
				CLANG_CXX_LANGUAGE_STANDARD = "gnu++0x";
				CLANG_CXX_LIBRARY = "libc++";
				CLANG_ENABLE_MODULES = YES;
				CLANG_ENABLE_OBJC_ARC = YES;
				CLANG_WARN_BOOL_CONVERSION = YES;
				CLANG_WARN_CONSTANT_CONVERSION = YES;
				CLANG_WARN_DIRECT_OBJC_ISA_USAGE = YES_ERROR;
				CLANG_WARN_EMPTY_BODY = YES;
				CLANG_WARN_ENUM_CONVERSION = YES;
				CLANG_WARN_INT_CONVERSION = YES;
				CLANG_WARN_OBJC_ROOT_CLASS = YES_ERROR;
				CLANG_WARN_UNREACHABLE_CODE = YES;
				CLANG_WARN__DUPLICATE_METHOD_MATCH = YES;
				"CODE_SIGN_IDENTITY[sdk=iphoneos*]" = "iPhone Developer";
				COPY_PHASE_STRIP = NO;
				DEBUG_INFORMATION_FORMAT = dwarf;
				ENABLE_STRICT_OBJC_MSGSEND = YES;
				ENABLE_TESTABILITY = YES;
				GCC_C_LANGUAGE_STANDARD = gnu99;
				GCC_DYNAMIC_NO_PIC = NO;
				GCC_NO_COMMON_BLOCKS = YES;
				GCC_OPTIMIZATION_LEVEL = 0;
				GCC_PREPROCESSOR_DEFINITIONS = (
					"DEBUG=1",
					"$(inherited)",
				);
				GCC_WARN_64_TO_32_BIT_CONVERSION = YES;
				GCC_WARN_ABOUT_RETURN_TYPE = YES_ERROR;
				GCC_WARN_UNDECLARED_SELECTOR = YES;
				GCC_WARN_UNINITIALIZED_AUTOS = YES_AGGRESSIVE;
				GCC_WARN_UNUSED_FUNCTION = YES;
				GCC_WARN_UNUSED_VARIABLE = YES;
				IPHONEOS_DEPLOYMENT_TARGET = 9.3;
				MTL_ENABLE_DEBUG_INFO = YES;
				ONLY_ACTIVE_ARCH = YES;
				SDKROOT = iphoneos;
				SWIFT_OPTIMIZATION_LEVEL = "-Onone";
			};
			name = Debug;
		};
		904DD1361CFD6E6A00DB4056 /* Release */ = {
			isa = XCBuildConfiguration;
			buildSettings = {
				ALWAYS_SEARCH_USER_PATHS = NO;
				CLANG_ANALYZER_NONNULL = YES;
				CLANG_CXX_LANGUAGE_STANDARD = "gnu++0x";
				CLANG_CXX_LIBRARY = "libc++";
				CLANG_ENABLE_MODULES = YES;
				CLANG_ENABLE_OBJC_ARC = YES;
				CLANG_WARN_BOOL_CONVERSION = YES;
				CLANG_WARN_CONSTANT_CONVERSION = YES;
				CLANG_WARN_DIRECT_OBJC_ISA_USAGE = YES_ERROR;
				CLANG_WARN_EMPTY_BODY = YES;
				CLANG_WARN_ENUM_CONVERSION = YES;
				CLANG_WARN_INT_CONVERSION = YES;
				CLANG_WARN_OBJC_ROOT_CLASS = YES_ERROR;
				CLANG_WARN_UNREACHABLE_CODE = YES;
				CLANG_WARN__DUPLICATE_METHOD_MATCH = YES;
				"CODE_SIGN_IDENTITY[sdk=iphoneos*]" = "iPhone Developer";
				COPY_PHASE_STRIP = NO;
				DEBUG_INFORMATION_FORMAT = "dwarf-with-dsym";
				ENABLE_NS_ASSERTIONS = NO;
				ENABLE_STRICT_OBJC_MSGSEND = YES;
				GCC_C_LANGUAGE_STANDARD = gnu99;
				GCC_NO_COMMON_BLOCKS = YES;
				GCC_WARN_64_TO_32_BIT_CONVERSION = YES;
				GCC_WARN_ABOUT_RETURN_TYPE = YES_ERROR;
				GCC_WARN_UNDECLARED_SELECTOR = YES;
				GCC_WARN_UNINITIALIZED_AUTOS = YES_AGGRESSIVE;
				GCC_WARN_UNUSED_FUNCTION = YES;
				GCC_WARN_UNUSED_VARIABLE = YES;
				IPHONEOS_DEPLOYMENT_TARGET = 9.3;
				MTL_ENABLE_DEBUG_INFO = NO;
				SDKROOT = iphoneos;
				VALIDATE_PRODUCT = YES;
			};
			name = Release;
		};
		904DD1381CFD6E6A00DB4056 /* Debug */ = {
			isa = XCBuildConfiguration;
			buildSettings = {
				ASSETCATALOG_COMPILER_APPICON_NAME = AppIcon;
				INFOPLIST_FILE = bInTest/Info.plist;
				IPHONEOS_DEPLOYMENT_TARGET = 9.0;
				LD_RUNPATH_SEARCH_PATHS = "$(inherited) @executable_path/Frameworks";
				PRODUCT_BUNDLE_IDENTIFIER = naithar.bInTest;
				PRODUCT_NAME = "$(TARGET_NAME)";
			};
			name = Debug;
		};
		904DD1391CFD6E6A00DB4056 /* Release */ = {
			isa = XCBuildConfiguration;
			buildSettings = {
				ASSETCATALOG_COMPILER_APPICON_NAME = AppIcon;
				INFOPLIST_FILE = bInTest/Info.plist;
				IPHONEOS_DEPLOYMENT_TARGET = 9.0;
				LD_RUNPATH_SEARCH_PATHS = "$(inherited) @executable_path/Frameworks";
				PRODUCT_BUNDLE_IDENTIFIER = naithar.bInTest;
				PRODUCT_NAME = "$(TARGET_NAME)";
			};
			name = Release;
		};
/* End XCBuildConfiguration section */

/* Begin XCConfigurationList section */
		904DD1201CFD6E6A00DB4056 /* Build configuration list for PBXProject "bInTest" */ = {
			isa = XCConfigurationList;
			buildConfigurations = (
				904DD1351CFD6E6A00DB4056 /* Debug */,
				904DD1361CFD6E6A00DB4056 /* Release */,
			);
			defaultConfigurationIsVisible = 0;
			defaultConfigurationName = Release;
		};
		904DD1371CFD6E6A00DB4056 /* Build configuration list for PBXNativeTarget "bInTest" */ = {
			isa = XCConfigurationList;
			buildConfigurations = (
				904DD1381CFD6E6A00DB4056 /* Debug */,
				904DD1391CFD6E6A00DB4056 /* Release */,
			);
			defaultConfigurationIsVisible = 0;
		};
/* End XCConfigurationList section */
	};
	rootObject = 904DD11D1CFD6E6A00DB4056 /* Project object */;
}
